// !$*UTF8*$!
{
	archiveVersion = 1;
	classes = {
	};
	objectVersion = 55;
	objects = {

/* Begin PBXBuildFile section */
		4C463B39289947DA00E44172 /* AppDelegate.swift in Sources */ = {isa = PBXBuildFile; fileRef = 4C463B38289947DA00E44172 /* AppDelegate.swift */; };
		4C463B3B289947DA00E44172 /* SceneDelegate.swift in Sources */ = {isa = PBXBuildFile; fileRef = 4C463B3A289947DA00E44172 /* SceneDelegate.swift */; };
		4C463B3D289947DA00E44172 /* ViewController.swift in Sources */ = {isa = PBXBuildFile; fileRef = 4C463B3C289947DA00E44172 /* ViewController.swift */; };
		4C463B42289947DC00E44172 /* Assets.xcassets in Resources */ = {isa = PBXBuildFile; fileRef = 4C463B41289947DC00E44172 /* Assets.xcassets */; };
		4C463B50289947DD00E44172 /* usket_ArchitecturesTests.swift in Sources */ = {isa = PBXBuildFile; fileRef = 4C463B4F289947DD00E44172 /* usket_ArchitecturesTests.swift */; };
		4C463B5A289947DD00E44172 /* usket_ArchitecturesUITests.swift in Sources */ = {isa = PBXBuildFile; fileRef = 4C463B59289947DD00E44172 /* usket_ArchitecturesUITests.swift */; };
		4C463B5C289947DD00E44172 /* usket_ArchitecturesUITestsLaunchTests.swift in Sources */ = {isa = PBXBuildFile; fileRef = 4C463B5B289947DD00E44172 /* usket_ArchitecturesUITestsLaunchTests.swift */; };
		4C463B6A289948ED00E44172 /* SnapKit in Frameworks */ = {isa = PBXBuildFile; productRef = 4C463B69289948ED00E44172 /* SnapKit */; };
/* End PBXBuildFile section */

/* Begin PBXContainerItemProxy section */
		4C463B4C289947DD00E44172 /* PBXContainerItemProxy */ = {
			isa = PBXContainerItemProxy;
			containerPortal = 4C463B2D289947DA00E44172 /* Project object */;
			proxyType = 1;
			remoteGlobalIDString = 4C463B34289947DA00E44172;
			remoteInfo = usket.Architectures;
		};
		4C463B56289947DD00E44172 /* PBXContainerItemProxy */ = {
			isa = PBXContainerItemProxy;
			containerPortal = 4C463B2D289947DA00E44172 /* Project object */;
			proxyType = 1;
			remoteGlobalIDString = 4C463B34289947DA00E44172;
			remoteInfo = usket.Architectures;
		};
/* End PBXContainerItemProxy section */

/* Begin PBXFileReference section */
		4C463B35289947DA00E44172 /* usket.Architectures.app */ = {isa = PBXFileReference; explicitFileType = wrapper.application; includeInIndex = 0; path = usket.Architectures.app; sourceTree = BUILT_PRODUCTS_DIR; };
		4C463B38289947DA00E44172 /* AppDelegate.swift */ = {isa = PBXFileReference; lastKnownFileType = sourcecode.swift; path = AppDelegate.swift; sourceTree = "<group>"; };
		4C463B3A289947DA00E44172 /* SceneDelegate.swift */ = {isa = PBXFileReference; lastKnownFileType = sourcecode.swift; path = SceneDelegate.swift; sourceTree = "<group>"; };
		4C463B3C289947DA00E44172 /* ViewController.swift */ = {isa = PBXFileReference; lastKnownFileType = sourcecode.swift; path = ViewController.swift; sourceTree = "<group>"; };
		4C463B41289947DC00E44172 /* Assets.xcassets */ = {isa = PBXFileReference; lastKnownFileType = folder.assetcatalog; path = Assets.xcassets; sourceTree = "<group>"; };
		4C463B46289947DC00E44172 /* Info.plist */ = {isa = PBXFileReference; lastKnownFileType = text.plist.xml; path = Info.plist; sourceTree = "<group>"; };
		4C463B4B289947DD00E44172 /* usket.ArchitecturesTests.xctest */ = {isa = PBXFileReference; explicitFileType = wrapper.cfbundle; includeInIndex = 0; path = usket.ArchitecturesTests.xctest; sourceTree = BUILT_PRODUCTS_DIR; };
		4C463B4F289947DD00E44172 /* usket_ArchitecturesTests.swift */ = {isa = PBXFileReference; lastKnownFileType = sourcecode.swift; path = usket_ArchitecturesTests.swift; sourceTree = "<group>"; };
		4C463B55289947DD00E44172 /* usket.ArchitecturesUITests.xctest */ = {isa = PBXFileReference; explicitFileType = wrapper.cfbundle; includeInIndex = 0; path = usket.ArchitecturesUITests.xctest; sourceTree = BUILT_PRODUCTS_DIR; };
		4C463B59289947DD00E44172 /* usket_ArchitecturesUITests.swift */ = {isa = PBXFileReference; lastKnownFileType = sourcecode.swift; path = usket_ArchitecturesUITests.swift; sourceTree = "<group>"; };
		4C463B5B289947DD00E44172 /* usket_ArchitecturesUITestsLaunchTests.swift */ = {isa = PBXFileReference; lastKnownFileType = sourcecode.swift; path = usket_ArchitecturesUITestsLaunchTests.swift; sourceTree = "<group>"; };
/* End PBXFileReference section */

/* Begin PBXFrameworksBuildPhase section */
		4C463B32289947DA00E44172 /* Frameworks */ = {
			isa = PBXFrameworksBuildPhase;
			buildActionMask = 2147483647;
			files = (
				4C463B6A289948ED00E44172 /* SnapKit in Frameworks */,
			);
			runOnlyForDeploymentPostprocessing = 0;
		};
		4C463B48289947DD00E44172 /* Frameworks */ = {
			isa = PBXFrameworksBuildPhase;
			buildActionMask = 2147483647;
			files = (
			);
			runOnlyForDeploymentPostprocessing = 0;
		};
		4C463B52289947DD00E44172 /* Frameworks */ = {
			isa = PBXFrameworksBuildPhase;
			buildActionMask = 2147483647;
			files = (
			);
			runOnlyForDeploymentPostprocessing = 0;
		};
/* End PBXFrameworksBuildPhase section */

/* Begin PBXGroup section */
		4C463B2C289947DA00E44172 = {
			isa = PBXGroup;
			children = (
				4C463B37289947DA00E44172 /* usket.Architectures */,
				4C463B4E289947DD00E44172 /* usket.ArchitecturesTests */,
				4C463B58289947DD00E44172 /* usket.ArchitecturesUITests */,
				4C463B36289947DA00E44172 /* Products */,
			);
			sourceTree = "<group>";
		};
		4C463B36289947DA00E44172 /* Products */ = {
			isa = PBXGroup;
			children = (
				4C463B35289947DA00E44172 /* usket.Architectures.app */,
				4C463B4B289947DD00E44172 /* usket.ArchitecturesTests.xctest */,
				4C463B55289947DD00E44172 /* usket.ArchitecturesUITests.xctest */,
			);
			name = Products;
			sourceTree = "<group>";
		};
		4C463B37289947DA00E44172 /* usket.Architectures */ = {
			isa = PBXGroup;
			children = (
				4C463B38289947DA00E44172 /* AppDelegate.swift */,
				4C463B3A289947DA00E44172 /* SceneDelegate.swift */,
				4C463B3C289947DA00E44172 /* ViewController.swift */,
				4C463B41289947DC00E44172 /* Assets.xcassets */,
				4C463B46289947DC00E44172 /* Info.plist */,
			);
			path = usket.Architectures;
			sourceTree = "<group>";
		};
		4C463B4E289947DD00E44172 /* usket.ArchitecturesTests */ = {
			isa = PBXGroup;
			children = (
				4C463B4F289947DD00E44172 /* usket_ArchitecturesTests.swift */,
			);
			path = usket.ArchitecturesTests;
			sourceTree = "<group>";
		};
		4C463B58289947DD00E44172 /* usket.ArchitecturesUITests */ = {
			isa = PBXGroup;
			children = (
				4C463B59289947DD00E44172 /* usket_ArchitecturesUITests.swift */,
				4C463B5B289947DD00E44172 /* usket_ArchitecturesUITestsLaunchTests.swift */,
			);
			path = usket.ArchitecturesUITests;
			sourceTree = "<group>";
		};
/* End PBXGroup section */

/* Begin PBXNativeTarget section */
		4C463B34289947DA00E44172 /* usket.Architectures */ = {
			isa = PBXNativeTarget;
			buildConfigurationList = 4C463B5F289947DD00E44172 /* Build configuration list for PBXNativeTarget "usket.Architectures" */;
			buildPhases = (
				4C463B31289947DA00E44172 /* Sources */,
				4C463B32289947DA00E44172 /* Frameworks */,
				4C463B33289947DA00E44172 /* Resources */,
			);
			buildRules = (
			);
			dependencies = (
			);
			name = usket.Architectures;
			packageProductDependencies = (
				4C463B69289948ED00E44172 /* SnapKit */,
			);
			productName = usket.Architectures;
			productReference = 4C463B35289947DA00E44172 /* usket.Architectures.app */;
			productType = "com.apple.product-type.application";
		};
		4C463B4A289947DD00E44172 /* usket.ArchitecturesTests */ = {
			isa = PBXNativeTarget;
			buildConfigurationList = 4C463B62289947DD00E44172 /* Build configuration list for PBXNativeTarget "usket.ArchitecturesTests" */;
			buildPhases = (
				4C463B47289947DD00E44172 /* Sources */,
				4C463B48289947DD00E44172 /* Frameworks */,
				4C463B49289947DD00E44172 /* Resources */,
			);
			buildRules = (
			);
			dependencies = (
				4C463B4D289947DD00E44172 /* PBXTargetDependency */,
			);
			name = usket.ArchitecturesTests;
			productName = usket.ArchitecturesTests;
			productReference = 4C463B4B289947DD00E44172 /* usket.ArchitecturesTests.xctest */;
			productType = "com.apple.product-type.bundle.unit-test";
		};
		4C463B54289947DD00E44172 /* usket.ArchitecturesUITests */ = {
			isa = PBXNativeTarget;
			buildConfigurationList = 4C463B65289947DD00E44172 /* Build configuration list for PBXNativeTarget "usket.ArchitecturesUITests" */;
			buildPhases = (
				4C463B51289947DD00E44172 /* Sources */,
				4C463B52289947DD00E44172 /* Frameworks */,
				4C463B53289947DD00E44172 /* Resources */,
			);
			buildRules = (
			);
			dependencies = (
				4C463B57289947DD00E44172 /* PBXTargetDependency */,
			);
			name = usket.ArchitecturesUITests;
			productName = usket.ArchitecturesUITests;
			productReference = 4C463B55289947DD00E44172 /* usket.ArchitecturesUITests.xctest */;
			productType = "com.apple.product-type.bundle.ui-testing";
		};
/* End PBXNativeTarget section */

/* Begin PBXProject section */
		4C463B2D289947DA00E44172 /* Project object */ = {
			isa = PBXProject;
			attributes = {
				BuildIndependentTargetsInParallel = 1;
				LastSwiftUpdateCheck = 1310;
				LastUpgradeCheck = 1310;
				TargetAttributes = {
					4C463B34289947DA00E44172 = {
						CreatedOnToolsVersion = 13.1;
					};
					4C463B4A289947DD00E44172 = {
						CreatedOnToolsVersion = 13.1;
						TestTargetID = 4C463B34289947DA00E44172;
					};
					4C463B54289947DD00E44172 = {
						CreatedOnToolsVersion = 13.1;
						TestTargetID = 4C463B34289947DA00E44172;
					};
				};
			};
			buildConfigurationList = 4C463B30289947DA00E44172 /* Build configuration list for PBXProject "usket.Architectures" */;
			compatibilityVersion = "Xcode 13.0";
			developmentRegion = en;
			hasScannedForEncodings = 0;
			knownRegions = (
				en,
				Base,
			);
			mainGroup = 4C463B2C289947DA00E44172;
			packageReferences = (
				4C463B68289948ED00E44172 /* XCRemoteSwiftPackageReference "SnapKit" */,
			);
			productRefGroup = 4C463B36289947DA00E44172 /* Products */;
			projectDirPath = "";
			projectRoot = "";
			targets = (
				4C463B34289947DA00E44172 /* usket.Architectures */,
				4C463B4A289947DD00E44172 /* usket.ArchitecturesTests */,
				4C463B54289947DD00E44172 /* usket.ArchitecturesUITests */,
			);
		};
/* End PBXProject section */

/* Begin PBXResourcesBuildPhase section */
		4C463B33289947DA00E44172 /* Resources */ = {
			isa = PBXResourcesBuildPhase;
			buildActionMask = 2147483647;
			files = (
				4C463B42289947DC00E44172 /* Assets.xcassets in Resources */,
			);
			runOnlyForDeploymentPostprocessing = 0;
		};
		4C463B49289947DD00E44172 /* Resources */ = {
			isa = PBXResourcesBuildPhase;
			buildActionMask = 2147483647;
			files = (
			);
			runOnlyForDeploymentPostprocessing = 0;
		};
		4C463B53289947DD00E44172 /* Resources */ = {
			isa = PBXResourcesBuildPhase;
			buildActionMask = 2147483647;
			files = (
			);
			runOnlyForDeploymentPostprocessing = 0;
		};
/* End PBXResourcesBuildPhase section */

/* Begin PBXSourcesBuildPhase section */
		4C463B31289947DA00E44172 /* Sources */ = {
			isa = PBXSourcesBuildPhase;
			buildActionMask = 2147483647;
			files = (
				4C463B3D289947DA00E44172 /* ViewController.swift in Sources */,
				4C463B39289947DA00E44172 /* AppDelegate.swift in Sources */,
				4C463B3B289947DA00E44172 /* SceneDelegate.swift in Sources */,
			);
			runOnlyForDeploymentPostprocessing = 0;
		};
		4C463B47289947DD00E44172 /* Sources */ = {
			isa = PBXSourcesBuildPhase;
			buildActionMask = 2147483647;
			files = (
				4C463B50289947DD00E44172 /* usket_ArchitecturesTests.swift in Sources */,
			);
			runOnlyForDeploymentPostprocessing = 0;
		};
		4C463B51289947DD00E44172 /* Sources */ = {
			isa = PBXSourcesBuildPhase;
			buildActionMask = 2147483647;
			files = (
				4C463B5C289947DD00E44172 /* usket_ArchitecturesUITestsLaunchTests.swift in Sources */,
				4C463B5A289947DD00E44172 /* usket_ArchitecturesUITests.swift in Sources */,
			);
			runOnlyForDeploymentPostprocessing = 0;
		};
/* End PBXSourcesBuildPhase section */

/* Begin PBXTargetDependency section */
		4C463B4D289947DD00E44172 /* PBXTargetDependency */ = {
			isa = PBXTargetDependency;
			target = 4C463B34289947DA00E44172 /* usket.Architectures */;
			targetProxy = 4C463B4C289947DD00E44172 /* PBXContainerItemProxy */;
		};
		4C463B57289947DD00E44172 /* PBXTargetDependency */ = {
			isa = PBXTargetDependency;
			target = 4C463B34289947DA00E44172 /* usket.Architectures */;
			targetProxy = 4C463B56289947DD00E44172 /* PBXContainerItemProxy */;
		};
/* End PBXTargetDependency section */

/* Begin XCBuildConfiguration section */
		4C463B5D289947DD00E44172 /* Debug */ = {
			isa = XCBuildConfiguration;
			buildSettings = {
				ALWAYS_SEARCH_USER_PATHS = NO;
				CLANG_ANALYZER_NONNULL = YES;
				CLANG_ANALYZER_NUMBER_OBJECT_CONVERSION = YES_AGGRESSIVE;
				CLANG_CXX_LANGUAGE_STANDARD = "gnu++17";
				CLANG_CXX_LIBRARY = "libc++";
				CLANG_ENABLE_MODULES = YES;
				CLANG_ENABLE_OBJC_ARC = YES;
				CLANG_ENABLE_OBJC_WEAK = YES;
				CLANG_WARN_BLOCK_CAPTURE_AUTORELEASING = YES;
				CLANG_WARN_BOOL_CONVERSION = YES;
				CLANG_WARN_COMMA = YES;
				CLANG_WARN_CONSTANT_CONVERSION = YES;
				CLANG_WARN_DEPRECATED_OBJC_IMPLEMENTATIONS = YES;
				CLANG_WARN_DIRECT_OBJC_ISA_USAGE = YES_ERROR;
				CLANG_WARN_DOCUMENTATION_COMMENTS = YES;
				CLANG_WARN_EMPTY_BODY = YES;
				CLANG_WARN_ENUM_CONVERSION = YES;
				CLANG_WARN_INFINITE_RECURSION = YES;
				CLANG_WARN_INT_CONVERSION = YES;
				CLANG_WARN_NON_LITERAL_NULL_CONVERSION = YES;
				CLANG_WARN_OBJC_IMPLICIT_RETAIN_SELF = YES;
				CLANG_WARN_OBJC_LITERAL_CONVERSION = YES;
				CLANG_WARN_OBJC_ROOT_CLASS = YES_ERROR;
				CLANG_WARN_QUOTED_INCLUDE_IN_FRAMEWORK_HEADER = YES;
				CLANG_WARN_RANGE_LOOP_ANALYSIS = YES;
				CLANG_WARN_STRICT_PROTOTYPES = YES;
				CLANG_WARN_SUSPICIOUS_MOVE = YES;
				CLANG_WARN_UNGUARDED_AVAILABILITY = YES_AGGRESSIVE;
				CLANG_WARN_UNREACHABLE_CODE = YES;
				CLANG_WARN__DUPLICATE_METHOD_MATCH = YES;
				COPY_PHASE_STRIP = NO;
				DEBUG_INFORMATION_FORMAT = dwarf;
				ENABLE_STRICT_OBJC_MSGSEND = YES;
				ENABLE_TESTABILITY = YES;
				GCC_C_LANGUAGE_STANDARD = gnu11;
				GCC_DYNAMIC_NO_PIC = NO;
				GCC_NO_COMMON_BLOCKS = YES;
				GCC_OPTIMIZATION_LEVEL = 0;
				GCC_PREPROCESSOR_DEFINITIONS = (
					"DEBUG=1",
					"$(inherited)",
				);
				GCC_WARN_64_TO_32_BIT_CONVERSION = YES;
				GCC_WARN_ABOUT_RETURN_TYPE = YES_ERROR;
				GCC_WARN_UNDECLARED_SELECTOR = YES;
				GCC_WARN_UNINITIALIZED_AUTOS = YES_AGGRESSIVE;
				GCC_WARN_UNUSED_FUNCTION = YES;
				GCC_WARN_UNUSED_VARIABLE = YES;
				IPHONEOS_DEPLOYMENT_TARGET = 15.0;
				MTL_ENABLE_DEBUG_INFO = INCLUDE_SOURCE;
				MTL_FAST_MATH = YES;
				ONLY_ACTIVE_ARCH = YES;
				SDKROOT = iphoneos;
				SWIFT_ACTIVE_COMPILATION_CONDITIONS = DEBUG;
				SWIFT_OPTIMIZATION_LEVEL = "-Onone";
			};
			name = Debug;
		};
		4C463B5E289947DD00E44172 /* Release */ = {
			isa = XCBuildConfiguration;
			buildSettings = {
				ALWAYS_SEARCH_USER_PATHS = NO;
				CLANG_ANALYZER_NONNULL = YES;
				CLANG_ANALYZER_NUMBER_OBJECT_CONVERSION = YES_AGGRESSIVE;
				CLANG_CXX_LANGUAGE_STANDARD = "gnu++17";
				CLANG_CXX_LIBRARY = "libc++";
				CLANG_ENABLE_MODULES = YES;
				CLANG_ENABLE_OBJC_ARC = YES;
				CLANG_ENABLE_OBJC_WEAK = YES;
				CLANG_WARN_BLOCK_CAPTURE_AUTORELEASING = YES;
				CLANG_WARN_BOOL_CONVERSION = YES;
				CLANG_WARN_COMMA = YES;
				CLANG_WARN_CONSTANT_CONVERSION = YES;
				CLANG_WARN_DEPRECATED_OBJC_IMPLEMENTATIONS = YES;
				CLANG_WARN_DIRECT_OBJC_ISA_USAGE = YES_ERROR;
				CLANG_WARN_DOCUMENTATION_COMMENTS = YES;
				CLANG_WARN_EMPTY_BODY = YES;
				CLANG_WARN_ENUM_CONVERSION = YES;
				CLANG_WARN_INFINITE_RECURSION = YES;
				CLANG_WARN_INT_CONVERSION = YES;
				CLANG_WARN_NON_LITERAL_NULL_CONVERSION = YES;
				CLANG_WARN_OBJC_IMPLICIT_RETAIN_SELF = YES;
				CLANG_WARN_OBJC_LITERAL_CONVERSION = YES;
				CLANG_WARN_OBJC_ROOT_CLASS = YES_ERROR;
				CLANG_WARN_QUOTED_INCLUDE_IN_FRAMEWORK_HEADER = YES;
				CLANG_WARN_RANGE_LOOP_ANALYSIS = YES;
				CLANG_WARN_STRICT_PROTOTYPES = YES;
				CLANG_WARN_SUSPICIOUS_MOVE = YES;
				CLANG_WARN_UNGUARDED_AVAILABILITY = YES_AGGRESSIVE;
				CLANG_WARN_UNREACHABLE_CODE = YES;
				CLANG_WARN__DUPLICATE_METHOD_MATCH = YES;
				COPY_PHASE_STRIP = NO;
				DEBUG_INFORMATION_FORMAT = "dwarf-with-dsym";
				ENABLE_NS_ASSERTIONS = NO;
				ENABLE_STRICT_OBJC_MSGSEND = YES;
				GCC_C_LANGUAGE_STANDARD = gnu11;
				GCC_NO_COMMON_BLOCKS = YES;
				GCC_WARN_64_TO_32_BIT_CONVERSION = YES;
				GCC_WARN_ABOUT_RETURN_TYPE = YES_ERROR;
				GCC_WARN_UNDECLARED_SELECTOR = YES;
				GCC_WARN_UNINITIALIZED_AUTOS = YES_AGGRESSIVE;
				GCC_WARN_UNUSED_FUNCTION = YES;
				GCC_WARN_UNUSED_VARIABLE = YES;
				IPHONEOS_DEPLOYMENT_TARGET = 15.0;
				MTL_ENABLE_DEBUG_INFO = NO;
				MTL_FAST_MATH = YES;
				SDKROOT = iphoneos;
				SWIFT_COMPILATION_MODE = wholemodule;
				SWIFT_OPTIMIZATION_LEVEL = "-O";
				VALIDATE_PRODUCT = YES;
			};
			name = Release;
		};
		4C463B60289947DD00E44172 /* Debug */ = {
			isa = XCBuildConfiguration;
			buildSettings = {
				ASSETCATALOG_COMPILER_APPICON_NAME = AppIcon;
				ASSETCATALOG_COMPILER_GLOBAL_ACCENT_COLOR_NAME = AccentColor;
				CODE_SIGN_STYLE = Automatic;
				CURRENT_PROJECT_VERSION = 1;
				DEVELOPMENT_TEAM = 46QF7GBZH7;
				GENERATE_INFOPLIST_FILE = YES;
				INFOPLIST_FILE = usket.Architectures/Info.plist;
				INFOPLIST_KEY_UIApplicationSupportsIndirectInputEvents = YES;
				INFOPLIST_KEY_UILaunchStoryboardName = LaunchScreen;
				INFOPLIST_KEY_UISupportedInterfaceOrientations_iPad = "UIInterfaceOrientationPortrait UIInterfaceOrientationPortraitUpsideDown UIInterfaceOrientationLandscapeLeft UIInterfaceOrientationLandscapeRight";
				INFOPLIST_KEY_UISupportedInterfaceOrientations_iPhone = "UIInterfaceOrientationPortrait UIInterfaceOrientationLandscapeLeft UIInterfaceOrientationLandscapeRight";
				LD_RUNPATH_SEARCH_PATHS = (
					"$(inherited)",
					"@executable_path/Frameworks",
				);
				MARKETING_VERSION = 1.0;
				PRODUCT_BUNDLE_IDENTIFIER = "usKet.usket-Architectures";
				PRODUCT_NAME = "$(TARGET_NAME)";
				SWIFT_EMIT_LOC_STRINGS = YES;
				SWIFT_VERSION = 5.0;
				TARGETED_DEVICE_FAMILY = "1,2";
			};
			name = Debug;
		};
		4C463B61289947DD00E44172 /* Release */ = {
			isa = XCBuildConfiguration;
			buildSettings = {
				ASSETCATALOG_COMPILER_APPICON_NAME = AppIcon;
				ASSETCATALOG_COMPILER_GLOBAL_ACCENT_COLOR_NAME = AccentColor;
				CODE_SIGN_STYLE = Automatic;
				CURRENT_PROJECT_VERSION = 1;
				DEVELOPMENT_TEAM = 46QF7GBZH7;
				GENERATE_INFOPLIST_FILE = YES;
				INFOPLIST_FILE = usket.Architectures/Info.plist;
				INFOPLIST_KEY_UIApplicationSupportsIndirectInputEvents = YES;
				INFOPLIST_KEY_UILaunchStoryboardName = LaunchScreen;
				INFOPLIST_KEY_UISupportedInterfaceOrientations_iPad = "UIInterfaceOrientationPortrait UIInterfaceOrientationPortraitUpsideDown UIInterfaceOrientationLandscapeLeft UIInterfaceOrientationLandscapeRight";
				INFOPLIST_KEY_UISupportedInterfaceOrientations_iPhone = "UIInterfaceOrientationPortrait UIInterfaceOrientationLandscapeLeft UIInterfaceOrientationLandscapeRight";
				LD_RUNPATH_SEARCH_PATHS = (
					"$(inherited)",
					"@executable_path/Frameworks",
				);
				MARKETING_VERSION = 1.0;
				PRODUCT_BUNDLE_IDENTIFIER = "usKet.usket-Architectures";
				PRODUCT_NAME = "$(TARGET_NAME)";
				SWIFT_EMIT_LOC_STRINGS = YES;
				SWIFT_VERSION = 5.0;
				TARGETED_DEVICE_FAMILY = "1,2";
			};
			name = Release;
		};
		4C463B63289947DD00E44172 /* Debug */ = {
			isa = XCBuildConfiguration;
			buildSettings = {
				ALWAYS_EMBED_SWIFT_STANDARD_LIBRARIES = YES;
				BUNDLE_LOADER = "$(TEST_HOST)";
				CODE_SIGN_STYLE = Automatic;
				CURRENT_PROJECT_VERSION = 1;
				DEVELOPMENT_TEAM = 46QF7GBZH7;
				GENERATE_INFOPLIST_FILE = YES;
				IPHONEOS_DEPLOYMENT_TARGET = 15.0;
				LD_RUNPATH_SEARCH_PATHS = (
					"$(inherited)",
					"@executable_path/Frameworks",
					"@loader_path/Frameworks",
				);
				MARKETING_VERSION = 1.0;
				PRODUCT_BUNDLE_IDENTIFIER = "usKet.usket-ArchitecturesTests";
				PRODUCT_NAME = "$(TARGET_NAME)";
				SWIFT_EMIT_LOC_STRINGS = NO;
				SWIFT_VERSION = 5.0;
				TARGETED_DEVICE_FAMILY = "1,2";
				TEST_HOST = "$(BUILT_PRODUCTS_DIR)/usket.Architectures.app/usket.Architectures";
			};
			name = Debug;
		};
		4C463B64289947DD00E44172 /* Release */ = {
			isa = XCBuildConfiguration;
			buildSettings = {
				ALWAYS_EMBED_SWIFT_STANDARD_LIBRARIES = YES;
				BUNDLE_LOADER = "$(TEST_HOST)";
				CODE_SIGN_STYLE = Automatic;
				CURRENT_PROJECT_VERSION = 1;
				DEVELOPMENT_TEAM = 46QF7GBZH7;
				GENERATE_INFOPLIST_FILE = YES;
				IPHONEOS_DEPLOYMENT_TARGET = 15.0;
				LD_RUNPATH_SEARCH_PATHS = (
					"$(inherited)",
					"@executable_path/Frameworks",
					"@loader_path/Frameworks",
				);
				MARKETING_VERSION = 1.0;
				PRODUCT_BUNDLE_IDENTIFIER = "usKet.usket-ArchitecturesTests";
				PRODUCT_NAME = "$(TARGET_NAME)";
				SWIFT_EMIT_LOC_STRINGS = NO;
				SWIFT_VERSION = 5.0;
				TARGETED_DEVICE_FAMILY = "1,2";
				TEST_HOST = "$(BUILT_PRODUCTS_DIR)/usket.Architectures.app/usket.Architectures";
			};
			name = Release;
		};
		4C463B66289947DD00E44172 /* Debug */ = {
			isa = XCBuildConfiguration;
			buildSettings = {
				ALWAYS_EMBED_SWIFT_STANDARD_LIBRARIES = YES;
				CODE_SIGN_STYLE = Automatic;
				CURRENT_PROJECT_VERSION = 1;
				DEVELOPMENT_TEAM = 46QF7GBZH7;
				GENERATE_INFOPLIST_FILE = YES;
				LD_RUNPATH_SEARCH_PATHS = (
					"$(inherited)",
					"@executable_path/Frameworks",
					"@loader_path/Frameworks",
				);
				MARKETING_VERSION = 1.0;
				PRODUCT_BUNDLE_IDENTIFIER = "usKet.usket-ArchitecturesUITests";
				PRODUCT_NAME = "$(TARGET_NAME)";
				SWIFT_EMIT_LOC_STRINGS = NO;
				SWIFT_VERSION = 5.0;
				TARGETED_DEVICE_FAMILY = "1,2";
				TEST_TARGET_NAME = usket.Architectures;
			};
			name = Debug;
		};
		4C463B67289947DD00E44172 /* Release */ = {
			isa = XCBuildConfiguration;
			buildSettings = {
				ALWAYS_EMBED_SWIFT_STANDARD_LIBRARIES = YES;
				CODE_SIGN_STYLE = Automatic;
				CURRENT_PROJECT_VERSION = 1;
				DEVELOPMENT_TEAM = 46QF7GBZH7;
				GENERATE_INFOPLIST_FILE = YES;
				LD_RUNPATH_SEARCH_PATHS = (
					"$(inherited)",
					"@executable_path/Frameworks",
					"@loader_path/Frameworks",
				);
				MARKETING_VERSION = 1.0;
				PRODUCT_BUNDLE_IDENTIFIER = "usKet.usket-ArchitecturesUITests";
				PRODUCT_NAME = "$(TARGET_NAME)";
				SWIFT_EMIT_LOC_STRINGS = NO;
				SWIFT_VERSION = 5.0;
				TARGETED_DEVICE_FAMILY = "1,2";
				TEST_TARGET_NAME = usket.Architectures;
			};
			name = Release;
		};
/* End XCBuildConfiguration section */

/* Begin XCConfigurationList section */
		4C463B30289947DA00E44172 /* Build configuration list for PBXProject "usket.Architectures" */ = {
			isa = XCConfigurationList;
			buildConfigurations = (
				4C463B5D289947DD00E44172 /* Debug */,
				4C463B5E289947DD00E44172 /* Release */,
			);
			defaultConfigurationIsVisible = 0;
			defaultConfigurationName = Release;
		};
		4C463B5F289947DD00E44172 /* Build configuration list for PBXNativeTarget "usket.Architectures" */ = {
			isa = XCConfigurationList;
			buildConfigurations = (
				4C463B60289947DD00E44172 /* Debug */,
				4C463B61289947DD00E44172 /* Release */,
			);
			defaultConfigurationIsVisible = 0;
			defaultConfigurationName = Release;
		};
		4C463B62289947DD00E44172 /* Build configuration list for PBXNativeTarget "usket.ArchitecturesTests" */ = {
			isa = XCConfigurationList;
			buildConfigurations = (
				4C463B63289947DD00E44172 /* Debug */,
				4C463B64289947DD00E44172 /* Release */,
			);
			defaultConfigurationIsVisible = 0;
			defaultConfigurationName = Release;
		};
		4C463B65289947DD00E44172 /* Build configuration list for PBXNativeTarget "usket.ArchitecturesUITests" */ = {
			isa = XCConfigurationList;
			buildConfigurations = (
				4C463B66289947DD00E44172 /* Debug */,
				4C463B67289947DD00E44172 /* Release */,
			);
			defaultConfigurationIsVisible = 0;
			defaultConfigurationName = Release;
		};
/* End XCConfigurationList section */

/* Begin XCRemoteSwiftPackageReference section */
		4C463B68289948ED00E44172 /* XCRemoteSwiftPackageReference "SnapKit" */ = {
			isa = XCRemoteSwiftPackageReference;
			repositoryURL = "https://github.com/SnapKit/SnapKit";
			requirement = {
				kind = upToNextMajorVersion;
				minimumVersion = 5.0.0;
			};
		};
/* End XCRemoteSwiftPackageReference section */

/* Begin XCSwiftPackageProductDependency section */
		4C463B69289948ED00E44172 /* SnapKit */ = {
			isa = XCSwiftPackageProductDependency;
			package = 4C463B68289948ED00E44172 /* XCRemoteSwiftPackageReference "SnapKit" */;
			productName = SnapKit;
		};
/* End XCSwiftPackageProductDependency section */
	};
	rootObject = 4C463B2D289947DA00E44172 /* Project object */;
}
